// !$*UTF8*$!
{
	archiveVersion = 1;
	classes = {
	};
	objectVersion = 56;
	objects = {

/* Begin PBXBuildFile section */
		625B1F0A2A91230100430313 /* AppDelegate.m in Sources */ = {isa = PBXBuildFile; fileRef = 625B1F092A91230100430313 /* AppDelegate.m */; };
		625B1F0D2A91230100430313 /* SceneDelegate.m in Sources */ = {isa = PBXBuildFile; fileRef = 625B1F0C2A91230100430313 /* SceneDelegate.m */; };
		625B1F102A91230100430313 /* ViewController.m in Sources */ = {isa = PBXBuildFile; fileRef = 625B1F0F2A91230100430313 /* ViewController.m */; };
		625B1F132A91230100430313 /* Main.storyboard in Resources */ = {isa = PBXBuildFile; fileRef = 625B1F112A91230100430313 /* Main.storyboard */; };
		625B1F152A91230200430313 /* Assets.xcassets in Resources */ = {isa = PBXBuildFile; fileRef = 625B1F142A91230200430313 /* Assets.xcassets */; };
		625B1F182A91230200430313 /* LaunchScreen.storyboard in Resources */ = {isa = PBXBuildFile; fileRef = 625B1F162A91230200430313 /* LaunchScreen.storyboard */; };
		625B1F1B2A91230200430313 /* main.m in Sources */ = {isa = PBXBuildFile; fileRef = 625B1F1A2A91230200430313 /* main.m */; };
		625B1F232A91242F00430313 /* YZPropertiesViewController.m in Sources */ = {isa = PBXBuildFile; fileRef = 625B1F222A91242F00430313 /* YZPropertiesViewController.m */; };
		625B1F282A96187F00430313 /* YZSingletonViewController.m in Sources */ = {isa = PBXBuildFile; fileRef = 625B1F272A96187F00430313 /* YZSingletonViewController.m */; };
		625B1F2B2A96189400430313 /* YZSingleton.m in Sources */ = {isa = PBXBuildFile; fileRef = 625B1F2A2A96189400430313 /* YZSingleton.m */; };
		625B1F7D2A9C52BD00430313 /* YZAVAudioViewController.m in Sources */ = {isa = PBXBuildFile; fileRef = 625B1F7C2A9C52BD00430313 /* YZAVAudioViewController.m */; };
		625B1F812A9DC74F00430313 /* YZThreadSafeDictionary.m in Sources */ = {isa = PBXBuildFile; fileRef = 625B1F802A9DC74F00430313 /* YZThreadSafeDictionary.m */; };
		625B1F842A9DD31D00430313 /* YZThreadSafeArray.m in Sources */ = {isa = PBXBuildFile; fileRef = 625B1F832A9DD31D00430313 /* YZThreadSafeArray.m */; };
		625B1F872A9DDE0A00430313 /* YZSemaphoreThreadSafeArray.m in Sources */ = {isa = PBXBuildFile; fileRef = 625B1F862A9DDE0A00430313 /* YZSemaphoreThreadSafeArray.m */; };
		625B1F8B2A9DE4BE00430313 /* YZAttributedViewController.m in Sources */ = {isa = PBXBuildFile; fileRef = 625B1F8A2A9DE4BE00430313 /* YZAttributedViewController.m */; };
		625B1F8F2A9F275700430313 /* YZAlgorithmTableViewController.m in Sources */ = {isa = PBXBuildFile; fileRef = 625B1F8E2A9F275700430313 /* YZAlgorithmTableViewController.m */; };
		625B1F922A9F282B00430313 /* YZAlgorithmIPV4ViewController.m in Sources */ = {isa = PBXBuildFile; fileRef = 625B1F912A9F282B00430313 /* YZAlgorithmIPV4ViewController.m */; };
		625B1FBB2AAB095000430313 /* YZPropertyModel.m in Sources */ = {isa = PBXBuildFile; fileRef = 625B1FBA2AAB095000430313 /* YZPropertyModel.m */; };
		625B1FBF2AAF4EED00430313 /* YZBlockViewController.m in Sources */ = {isa = PBXBuildFile; fileRef = 625B1FBE2AAF4EED00430313 /* YZBlockViewController.m */; };
		625B1FC22AAF4EFB00430313 /* YZBlockModel.m in Sources */ = {isa = PBXBuildFile; fileRef = 625B1FC12AAF4EFB00430313 /* YZBlockModel.m */; };
		625B1FC62AB98D3500430313 /* YZKVOKVCModel.m in Sources */ = {isa = PBXBuildFile; fileRef = 625B1FC52AB98D3500430313 /* YZKVOKVCModel.m */; };
		625B1FC92AB98D3E00430313 /* YZKVOKVCViewController.m in Sources */ = {isa = PBXBuildFile; fileRef = 625B1FC82AB98D3E00430313 /* YZKVOKVCViewController.m */; };
/* End PBXBuildFile section */

/* Begin PBXFileReference section */
		625B1F052A91230100430313 /* GoodGoodStudy-iOS.app */ = {isa = PBXFileReference; explicitFileType = wrapper.application; includeInIndex = 0; path = "GoodGoodStudy-iOS.app"; sourceTree = BUILT_PRODUCTS_DIR; };
		625B1F082A91230100430313 /* AppDelegate.h */ = {isa = PBXFileReference; lastKnownFileType = sourcecode.c.h; path = AppDelegate.h; sourceTree = "<group>"; };
		625B1F092A91230100430313 /* AppDelegate.m */ = {isa = PBXFileReference; lastKnownFileType = sourcecode.c.objc; path = AppDelegate.m; sourceTree = "<group>"; };
		625B1F0B2A91230100430313 /* SceneDelegate.h */ = {isa = PBXFileReference; lastKnownFileType = sourcecode.c.h; path = SceneDelegate.h; sourceTree = "<group>"; };
		625B1F0C2A91230100430313 /* SceneDelegate.m */ = {isa = PBXFileReference; lastKnownFileType = sourcecode.c.objc; path = SceneDelegate.m; sourceTree = "<group>"; };
		625B1F0E2A91230100430313 /* ViewController.h */ = {isa = PBXFileReference; lastKnownFileType = sourcecode.c.h; path = ViewController.h; sourceTree = "<group>"; };
		625B1F0F2A91230100430313 /* ViewController.m */ = {isa = PBXFileReference; lastKnownFileType = sourcecode.c.objc; path = ViewController.m; sourceTree = "<group>"; };
		625B1F122A91230100430313 /* Base */ = {isa = PBXFileReference; lastKnownFileType = file.storyboard; name = Base; path = Base.lproj/Main.storyboard; sourceTree = "<group>"; };
		625B1F142A91230200430313 /* Assets.xcassets */ = {isa = PBXFileReference; lastKnownFileType = folder.assetcatalog; path = Assets.xcassets; sourceTree = "<group>"; };
		625B1F172A91230200430313 /* Base */ = {isa = PBXFileReference; lastKnownFileType = file.storyboard; name = Base; path = Base.lproj/LaunchScreen.storyboard; sourceTree = "<group>"; };
		625B1F192A91230200430313 /* Info.plist */ = {isa = PBXFileReference; lastKnownFileType = text.plist.xml; path = Info.plist; sourceTree = "<group>"; };
		625B1F1A2A91230200430313 /* main.m */ = {isa = PBXFileReference; lastKnownFileType = sourcecode.c.objc; path = main.m; sourceTree = "<group>"; };
		625B1F212A91242F00430313 /* YZPropertiesViewController.h */ = {isa = PBXFileReference; lastKnownFileType = sourcecode.c.h; path = YZPropertiesViewController.h; sourceTree = "<group>"; };
		625B1F222A91242F00430313 /* YZPropertiesViewController.m */ = {isa = PBXFileReference; lastKnownFileType = sourcecode.c.objc; path = YZPropertiesViewController.m; sourceTree = "<group>"; };
		625B1F262A96187F00430313 /* YZSingletonViewController.h */ = {isa = PBXFileReference; lastKnownFileType = sourcecode.c.h; path = YZSingletonViewController.h; sourceTree = "<group>"; };
		625B1F272A96187F00430313 /* YZSingletonViewController.m */ = {isa = PBXFileReference; lastKnownFileType = sourcecode.c.objc; path = YZSingletonViewController.m; sourceTree = "<group>"; };
		625B1F292A96189400430313 /* YZSingleton.h */ = {isa = PBXFileReference; lastKnownFileType = sourcecode.c.h; path = YZSingleton.h; sourceTree = "<group>"; };
		625B1F2A2A96189400430313 /* YZSingleton.m */ = {isa = PBXFileReference; lastKnownFileType = sourcecode.c.objc; path = YZSingleton.m; sourceTree = "<group>"; };
		625B1F7B2A9C52BD00430313 /* YZAVAudioViewController.h */ = {isa = PBXFileReference; lastKnownFileType = sourcecode.c.h; path = YZAVAudioViewController.h; sourceTree = "<group>"; };
		625B1F7C2A9C52BD00430313 /* YZAVAudioViewController.m */ = {isa = PBXFileReference; lastKnownFileType = sourcecode.c.objc; path = YZAVAudioViewController.m; sourceTree = "<group>"; };
		625B1F7F2A9DC74F00430313 /* YZThreadSafeDictionary.h */ = {isa = PBXFileReference; lastKnownFileType = sourcecode.c.h; path = YZThreadSafeDictionary.h; sourceTree = "<group>"; };
		625B1F802A9DC74F00430313 /* YZThreadSafeDictionary.m */ = {isa = PBXFileReference; lastKnownFileType = sourcecode.c.objc; path = YZThreadSafeDictionary.m; sourceTree = "<group>"; };
		625B1F822A9DD31D00430313 /* YZThreadSafeArray.h */ = {isa = PBXFileReference; lastKnownFileType = sourcecode.c.h; path = YZThreadSafeArray.h; sourceTree = "<group>"; };
		625B1F832A9DD31D00430313 /* YZThreadSafeArray.m */ = {isa = PBXFileReference; lastKnownFileType = sourcecode.c.objc; path = YZThreadSafeArray.m; sourceTree = "<group>"; };
		625B1F852A9DDE0A00430313 /* YZSemaphoreThreadSafeArray.h */ = {isa = PBXFileReference; lastKnownFileType = sourcecode.c.h; path = YZSemaphoreThreadSafeArray.h; sourceTree = "<group>"; };
		625B1F862A9DDE0A00430313 /* YZSemaphoreThreadSafeArray.m */ = {isa = PBXFileReference; lastKnownFileType = sourcecode.c.objc; path = YZSemaphoreThreadSafeArray.m; sourceTree = "<group>"; };
		625B1F892A9DE4BE00430313 /* YZAttributedViewController.h */ = {isa = PBXFileReference; lastKnownFileType = sourcecode.c.h; path = YZAttributedViewController.h; sourceTree = "<group>"; };
		625B1F8A2A9DE4BE00430313 /* YZAttributedViewController.m */ = {isa = PBXFileReference; lastKnownFileType = sourcecode.c.objc; path = YZAttributedViewController.m; sourceTree = "<group>"; };
		625B1F8D2A9F275700430313 /* YZAlgorithmTableViewController.h */ = {isa = PBXFileReference; lastKnownFileType = sourcecode.c.h; path = YZAlgorithmTableViewController.h; sourceTree = "<group>"; };
		625B1F8E2A9F275700430313 /* YZAlgorithmTableViewController.m */ = {isa = PBXFileReference; lastKnownFileType = sourcecode.c.objc; path = YZAlgorithmTableViewController.m; sourceTree = "<group>"; };
		625B1F902A9F282B00430313 /* YZAlgorithmIPV4ViewController.h */ = {isa = PBXFileReference; lastKnownFileType = sourcecode.c.h; path = YZAlgorithmIPV4ViewController.h; sourceTree = "<group>"; };
		625B1F912A9F282B00430313 /* YZAlgorithmIPV4ViewController.m */ = {isa = PBXFileReference; lastKnownFileType = sourcecode.c.objc; path = YZAlgorithmIPV4ViewController.m; sourceTree = "<group>"; };
		625B1FB92AAB095000430313 /* YZPropertyModel.h */ = {isa = PBXFileReference; lastKnownFileType = sourcecode.c.h; path = YZPropertyModel.h; sourceTree = "<group>"; };
		625B1FBA2AAB095000430313 /* YZPropertyModel.m */ = {isa = PBXFileReference; lastKnownFileType = sourcecode.c.objc; path = YZPropertyModel.m; sourceTree = "<group>"; };
		625B1FBD2AAF4EED00430313 /* YZBlockViewController.h */ = {isa = PBXFileReference; lastKnownFileType = sourcecode.c.h; path = YZBlockViewController.h; sourceTree = "<group>"; };
		625B1FBE2AAF4EED00430313 /* YZBlockViewController.m */ = {isa = PBXFileReference; lastKnownFileType = sourcecode.c.objc; path = YZBlockViewController.m; sourceTree = "<group>"; };
		625B1FC02AAF4EFB00430313 /* YZBlockModel.h */ = {isa = PBXFileReference; lastKnownFileType = sourcecode.c.h; path = YZBlockModel.h; sourceTree = "<group>"; };
		625B1FC12AAF4EFB00430313 /* YZBlockModel.m */ = {isa = PBXFileReference; lastKnownFileType = sourcecode.c.objc; path = YZBlockModel.m; sourceTree = "<group>"; };
		625B1FC42AB98D3500430313 /* YZKVOKVCModel.h */ = {isa = PBXFileReference; lastKnownFileType = sourcecode.c.h; path = YZKVOKVCModel.h; sourceTree = "<group>"; };
		625B1FC52AB98D3500430313 /* YZKVOKVCModel.m */ = {isa = PBXFileReference; lastKnownFileType = sourcecode.c.objc; path = YZKVOKVCModel.m; sourceTree = "<group>"; };
		625B1FC72AB98D3E00430313 /* YZKVOKVCViewController.h */ = {isa = PBXFileReference; lastKnownFileType = sourcecode.c.h; path = YZKVOKVCViewController.h; sourceTree = "<group>"; };
		625B1FC82AB98D3E00430313 /* YZKVOKVCViewController.m */ = {isa = PBXFileReference; lastKnownFileType = sourcecode.c.objc; path = YZKVOKVCViewController.m; sourceTree = "<group>"; };
/* End PBXFileReference section */

/* Begin PBXFrameworksBuildPhase section */
		625B1F022A91230100430313 /* Frameworks */ = {
			isa = PBXFrameworksBuildPhase;
			buildActionMask = 2147483647;
			files = (
			);
			runOnlyForDeploymentPostprocessing = 0;
		};
/* End PBXFrameworksBuildPhase section */

/* Begin PBXGroup section */
		625B1EFC2A91230100430313 = {
			isa = PBXGroup;
			children = (
				625B1F072A91230100430313 /* GoodGoodStudy-iOS */,
				625B1F062A91230100430313 /* Products */,
			);
			sourceTree = "<group>";
		};
		625B1F062A91230100430313 /* Products */ = {
			isa = PBXGroup;
			children = (
				625B1F052A91230100430313 /* GoodGoodStudy-iOS.app */,
			);
			name = Products;
			sourceTree = "<group>";
		};
		625B1F072A91230100430313 /* GoodGoodStudy-iOS */ = {
			isa = PBXGroup;
			children = (
				625B1FC32AB98D2800430313 /* KVOKVC */,
				625B1FBC2AAF4EA600430313 /* Block */,
				625B1F8C2A9F272E00430313 /* Algorithm */,
				625B1F882A9DE4A500430313 /* Attr */,
				625B1F7E2A9DC73100430313 /* ThreadSafeClass */,
				625B1F7A2A9C527800430313 /* AVFoundation */,
				625B1F082A91230100430313 /* AppDelegate.h */,
				625B1F092A91230100430313 /* AppDelegate.m */,
				625B1F0B2A91230100430313 /* SceneDelegate.h */,
				625B1F0C2A91230100430313 /* SceneDelegate.m */,
				625B1F0E2A91230100430313 /* ViewController.h */,
				625B1F0F2A91230100430313 /* ViewController.m */,
				625B1F252A96185600430313 /* Singleton */,
				625B1F242A91243300430313 /* Property */,
				625B1F112A91230100430313 /* Main.storyboard */,
				625B1F142A91230200430313 /* Assets.xcassets */,
				625B1F162A91230200430313 /* LaunchScreen.storyboard */,
				625B1F192A91230200430313 /* Info.plist */,
				625B1F1A2A91230200430313 /* main.m */,
			);
			path = "GoodGoodStudy-iOS";
			sourceTree = "<group>";
		};
		625B1F242A91243300430313 /* Property */ = {
			isa = PBXGroup;
			children = (
				625B1F212A91242F00430313 /* YZPropertiesViewController.h */,
				625B1F222A91242F00430313 /* YZPropertiesViewController.m */,
				625B1FB92AAB095000430313 /* YZPropertyModel.h */,
				625B1FBA2AAB095000430313 /* YZPropertyModel.m */,
			);
			path = Property;
			sourceTree = "<group>";
		};
		625B1F252A96185600430313 /* Singleton */ = {
			isa = PBXGroup;
			children = (
				625B1F262A96187F00430313 /* YZSingletonViewController.h */,
				625B1F272A96187F00430313 /* YZSingletonViewController.m */,
				625B1F292A96189400430313 /* YZSingleton.h */,
				625B1F2A2A96189400430313 /* YZSingleton.m */,
			);
			path = Singleton;
			sourceTree = "<group>";
		};
		625B1F7A2A9C527800430313 /* AVFoundation */ = {
			isa = PBXGroup;
			children = (
				625B1F7B2A9C52BD00430313 /* YZAVAudioViewController.h */,
				625B1F7C2A9C52BD00430313 /* YZAVAudioViewController.m */,
			);
			path = AVFoundation;
			sourceTree = "<group>";
		};
		625B1F7E2A9DC73100430313 /* ThreadSafeClass */ = {
			isa = PBXGroup;
			children = (
				625B1F7F2A9DC74F00430313 /* YZThreadSafeDictionary.h */,
				625B1F802A9DC74F00430313 /* YZThreadSafeDictionary.m */,
				625B1F822A9DD31D00430313 /* YZThreadSafeArray.h */,
				625B1F832A9DD31D00430313 /* YZThreadSafeArray.m */,
				625B1F852A9DDE0A00430313 /* YZSemaphoreThreadSafeArray.h */,
				625B1F862A9DDE0A00430313 /* YZSemaphoreThreadSafeArray.m */,
			);
			path = ThreadSafeClass;
			sourceTree = "<group>";
		};
		625B1F882A9DE4A500430313 /* Attr */ = {
			isa = PBXGroup;
			children = (
				625B1F892A9DE4BE00430313 /* YZAttributedViewController.h */,
				625B1F8A2A9DE4BE00430313 /* YZAttributedViewController.m */,
			);
			path = Attr;
			sourceTree = "<group>";
		};
		625B1F8C2A9F272E00430313 /* Algorithm */ = {
			isa = PBXGroup;
			children = (
				625B1F8D2A9F275700430313 /* YZAlgorithmTableViewController.h */,
				625B1F8E2A9F275700430313 /* YZAlgorithmTableViewController.m */,
				625B1F902A9F282B00430313 /* YZAlgorithmIPV4ViewController.h */,
				625B1F912A9F282B00430313 /* YZAlgorithmIPV4ViewController.m */,
			);
			path = Algorithm;
			sourceTree = "<group>";
		};
		625B1FBC2AAF4EA600430313 /* Block */ = {
			isa = PBXGroup;
			children = (
				625B1FBD2AAF4EED00430313 /* YZBlockViewController.h */,
				625B1FBE2AAF4EED00430313 /* YZBlockViewController.m */,
				625B1FC02AAF4EFB00430313 /* YZBlockModel.h */,
				625B1FC12AAF4EFB00430313 /* YZBlockModel.m */,
			);
			path = Block;
			sourceTree = "<group>";
		};
		625B1FC32AB98D2800430313 /* KVOKVC */ = {
			isa = PBXGroup;
			children = (
				625B1FC42AB98D3500430313 /* YZKVOKVCModel.h */,
				625B1FC52AB98D3500430313 /* YZKVOKVCModel.m */,
				625B1FC72AB98D3E00430313 /* YZKVOKVCViewController.h */,
				625B1FC82AB98D3E00430313 /* YZKVOKVCViewController.m */,
			);
			path = KVOKVC;
			sourceTree = "<group>";
		};
/* End PBXGroup section */

/* Begin PBXNativeTarget section */
		625B1F042A91230100430313 /* GoodGoodStudy-iOS */ = {
			isa = PBXNativeTarget;
			buildConfigurationList = 625B1F1E2A91230200430313 /* Build configuration list for PBXNativeTarget "GoodGoodStudy-iOS" */;
			buildPhases = (
				625B1F012A91230100430313 /* Sources */,
				625B1F022A91230100430313 /* Frameworks */,
				625B1F032A91230100430313 /* Resources */,
			);
			buildRules = (
			);
			dependencies = (
			);
			name = "GoodGoodStudy-iOS";
			productName = "GoodGoodStudy-iOS";
			productReference = 625B1F052A91230100430313 /* GoodGoodStudy-iOS.app */;
			productType = "com.apple.product-type.application";
		};
/* End PBXNativeTarget section */

/* Begin PBXProject section */
		625B1EFD2A91230100430313 /* Project object */ = {
			isa = PBXProject;
			attributes = {
				BuildIndependentTargetsInParallel = 1;
				CLASSPREFIX = YZ;
				LastUpgradeCheck = 1430;
				TargetAttributes = {
					625B1F042A91230100430313 = {
						CreatedOnToolsVersion = 14.3.1;
					};
				};
			};
			buildConfigurationList = 625B1F002A91230100430313 /* Build configuration list for PBXProject "GoodGoodStudy-iOS" */;
			compatibilityVersion = "Xcode 14.0";
			developmentRegion = en;
			hasScannedForEncodings = 0;
			knownRegions = (
				en,
				Base,
			);
			mainGroup = 625B1EFC2A91230100430313;
			productRefGroup = 625B1F062A91230100430313 /* Products */;
			projectDirPath = "";
			projectRoot = "";
			targets = (
				625B1F042A91230100430313 /* GoodGoodStudy-iOS */,
			);
		};
/* End PBXProject section */

/* Begin PBXResourcesBuildPhase section */
		625B1F032A91230100430313 /* Resources */ = {
			isa = PBXResourcesBuildPhase;
			buildActionMask = 2147483647;
			files = (
				625B1F182A91230200430313 /* LaunchScreen.storyboard in Resources */,
				625B1F152A91230200430313 /* Assets.xcassets in Resources */,
				625B1F132A91230100430313 /* Main.storyboard in Resources */,
			);
			runOnlyForDeploymentPostprocessing = 0;
		};
/* End PBXResourcesBuildPhase section */

/* Begin PBXSourcesBuildPhase section */
		625B1F012A91230100430313 /* Sources */ = {
			isa = PBXSourcesBuildPhase;
			buildActionMask = 2147483647;
			files = (
				625B1F2B2A96189400430313 /* YZSingleton.m in Sources */,
				625B1F102A91230100430313 /* ViewController.m in Sources */,
				625B1F922A9F282B00430313 /* YZAlgorithmIPV4ViewController.m in Sources */,
				625B1FC22AAF4EFB00430313 /* YZBlockModel.m in Sources */,
				625B1F0A2A91230100430313 /* AppDelegate.m in Sources */,
				625B1F8F2A9F275700430313 /* YZAlgorithmTableViewController.m in Sources */,
				625B1F1B2A91230200430313 /* main.m in Sources */,
				625B1F0D2A91230100430313 /* SceneDelegate.m in Sources */,
				625B1FBB2AAB095000430313 /* YZPropertyModel.m in Sources */,
				625B1F812A9DC74F00430313 /* YZThreadSafeDictionary.m in Sources */,
				625B1F232A91242F00430313 /* YZPropertiesViewController.m in Sources */,
				625B1FC62AB98D3500430313 /* YZKVOKVCModel.m in Sources */,
				625B1F282A96187F00430313 /* YZSingletonViewController.m in Sources */,
				625B1F7D2A9C52BD00430313 /* YZAVAudioViewController.m in Sources */,
				625B1FC92AB98D3E00430313 /* YZKVOKVCViewController.m in Sources */,
				625B1F8B2A9DE4BE00430313 /* YZAttributedViewController.m in Sources */,
				625B1F842A9DD31D00430313 /* YZThreadSafeArray.m in Sources */,
				625B1F872A9DDE0A00430313 /* YZSemaphoreThreadSafeArray.m in Sources */,
				625B1FBF2AAF4EED00430313 /* YZBlockViewController.m in Sources */,
			);
			runOnlyForDeploymentPostprocessing = 0;
		};
/* End PBXSourcesBuildPhase section */

/* Begin PBXVariantGroup section */
		625B1F112A91230100430313 /* Main.storyboard */ = {
			isa = PBXVariantGroup;
			children = (
				625B1F122A91230100430313 /* Base */,
			);
			name = Main.storyboard;
			sourceTree = "<group>";
		};
		625B1F162A91230200430313 /* LaunchScreen.storyboard */ = {
			isa = PBXVariantGroup;
			children = (
				625B1F172A91230200430313 /* Base */,
			);
			name = LaunchScreen.storyboard;
			sourceTree = "<group>";
		};
/* End PBXVariantGroup section */

/* Begin XCBuildConfiguration section */
		625B1F1C2A91230200430313 /* Debug */ = {
			isa = XCBuildConfiguration;
			buildSettings = {
				ALWAYS_SEARCH_USER_PATHS = NO;
				CLANG_ANALYZER_NONNULL = YES;
				CLANG_ANALYZER_NUMBER_OBJECT_CONVERSION = YES_AGGRESSIVE;
				CLANG_CXX_LANGUAGE_STANDARD = "gnu++20";
				CLANG_ENABLE_MODULES = YES;
				CLANG_ENABLE_OBJC_ARC = YES;
				CLANG_ENABLE_OBJC_WEAK = YES;
				CLANG_WARN_BLOCK_CAPTURE_AUTORELEASING = YES;
				CLANG_WARN_BOOL_CONVERSION = YES;
				CLANG_WARN_COMMA = YES;
				CLANG_WARN_CONSTANT_CONVERSION = YES;
				CLANG_WARN_DEPRECATED_OBJC_IMPLEMENTATIONS = YES;
				CLANG_WARN_DIRECT_OBJC_ISA_USAGE = YES_ERROR;
				CLANG_WARN_DOCUMENTATION_COMMENTS = YES;
				CLANG_WARN_EMPTY_BODY = YES;
				CLANG_WARN_ENUM_CONVERSION = YES;
				CLANG_WARN_INFINITE_RECURSION = YES;
				CLANG_WARN_INT_CONVERSION = YES;
				CLANG_WARN_NON_LITERAL_NULL_CONVERSION = YES;
				CLANG_WARN_OBJC_IMPLICIT_RETAIN_SELF = YES;
				CLANG_WARN_OBJC_LITERAL_CONVERSION = YES;
				CLANG_WARN_OBJC_ROOT_CLASS = YES_ERROR;
				CLANG_WARN_QUOTED_INCLUDE_IN_FRAMEWORK_HEADER = YES;
				CLANG_WARN_RANGE_LOOP_ANALYSIS = YES;
				CLANG_WARN_STRICT_PROTOTYPES = YES;
				CLANG_WARN_SUSPICIOUS_MOVE = YES;
				CLANG_WARN_UNGUARDED_AVAILABILITY = YES_AGGRESSIVE;
				CLANG_WARN_UNREACHABLE_CODE = YES;
				CLANG_WARN__DUPLICATE_METHOD_MATCH = YES;
				COPY_PHASE_STRIP = NO;
				DEBUG_INFORMATION_FORMAT = dwarf;
				ENABLE_STRICT_OBJC_MSGSEND = YES;
				ENABLE_TESTABILITY = YES;
				GCC_C_LANGUAGE_STANDARD = gnu11;
				GCC_DYNAMIC_NO_PIC = NO;
				GCC_NO_COMMON_BLOCKS = YES;
				GCC_OPTIMIZATION_LEVEL = 0;
				GCC_PREPROCESSOR_DEFINITIONS = (
					"DEBUG=1",
					"$(inherited)",
				);
				GCC_WARN_64_TO_32_BIT_CONVERSION = YES;
				GCC_WARN_ABOUT_RETURN_TYPE = YES_ERROR;
				GCC_WARN_UNDECLARED_SELECTOR = YES;
				GCC_WARN_UNINITIALIZED_AUTOS = YES_AGGRESSIVE;
				GCC_WARN_UNUSED_FUNCTION = YES;
				GCC_WARN_UNUSED_VARIABLE = YES;
				IPHONEOS_DEPLOYMENT_TARGET = 16.4;
				MTL_ENABLE_DEBUG_INFO = INCLUDE_SOURCE;
				MTL_FAST_MATH = YES;
				ONLY_ACTIVE_ARCH = YES;
				SDKROOT = iphoneos;
			};
			name = Debug;
		};
		625B1F1D2A91230200430313 /* Release */ = {
			isa = XCBuildConfiguration;
			buildSettings = {
				ALWAYS_SEARCH_USER_PATHS = NO;
				CLANG_ANALYZER_NONNULL = YES;
				CLANG_ANALYZER_NUMBER_OBJECT_CONVERSION = YES_AGGRESSIVE;
				CLANG_CXX_LANGUAGE_STANDARD = "gnu++20";
				CLANG_ENABLE_MODULES = YES;
				CLANG_ENABLE_OBJC_ARC = YES;
				CLANG_ENABLE_OBJC_WEAK = YES;
				CLANG_WARN_BLOCK_CAPTURE_AUTORELEASING = YES;
				CLANG_WARN_BOOL_CONVERSION = YES;
				CLANG_WARN_COMMA = YES;
				CLANG_WARN_CONSTANT_CONVERSION = YES;
				CLANG_WARN_DEPRECATED_OBJC_IMPLEMENTATIONS = YES;
				CLANG_WARN_DIRECT_OBJC_ISA_USAGE = YES_ERROR;
				CLANG_WARN_DOCUMENTATION_COMMENTS = YES;
				CLANG_WARN_EMPTY_BODY = YES;
				CLANG_WARN_ENUM_CONVERSION = YES;
				CLANG_WARN_INFINITE_RECURSION = YES;
				CLANG_WARN_INT_CONVERSION = YES;
				CLANG_WARN_NON_LITERAL_NULL_CONVERSION = YES;
				CLANG_WARN_OBJC_IMPLICIT_RETAIN_SELF = YES;
				CLANG_WARN_OBJC_LITERAL_CONVERSION = YES;
				CLANG_WARN_OBJC_ROOT_CLASS = YES_ERROR;
				CLANG_WARN_QUOTED_INCLUDE_IN_FRAMEWORK_HEADER = YES;
				CLANG_WARN_RANGE_LOOP_ANALYSIS = YES;
				CLANG_WARN_STRICT_PROTOTYPES = YES;
				CLANG_WARN_SUSPICIOUS_MOVE = YES;
				CLANG_WARN_UNGUARDED_AVAILABILITY = YES_AGGRESSIVE;
				CLANG_WARN_UNREACHABLE_CODE = YES;
				CLANG_WARN__DUPLICATE_METHOD_MATCH = YES;
				COPY_PHASE_STRIP = NO;
				DEBUG_INFORMATION_FORMAT = "dwarf-with-dsym";
				ENABLE_NS_ASSERTIONS = NO;
				ENABLE_STRICT_OBJC_MSGSEND = YES;
				GCC_C_LANGUAGE_STANDARD = gnu11;
				GCC_NO_COMMON_BLOCKS = YES;
				GCC_WARN_64_TO_32_BIT_CONVERSION = YES;
				GCC_WARN_ABOUT_RETURN_TYPE = YES_ERROR;
				GCC_WARN_UNDECLARED_SELECTOR = YES;
				GCC_WARN_UNINITIALIZED_AUTOS = YES_AGGRESSIVE;
				GCC_WARN_UNUSED_FUNCTION = YES;
				GCC_WARN_UNUSED_VARIABLE = YES;
				IPHONEOS_DEPLOYMENT_TARGET = 16.4;
				MTL_ENABLE_DEBUG_INFO = NO;
				MTL_FAST_MATH = YES;
				SDKROOT = iphoneos;
				VALIDATE_PRODUCT = YES;
			};
			name = Release;
		};
		625B1F1F2A91230200430313 /* Debug */ = {
			isa = XCBuildConfiguration;
			buildSettings = {
				ASSETCATALOG_COMPILER_APPICON_NAME = AppIcon;
				ASSETCATALOG_COMPILER_GLOBAL_ACCENT_COLOR_NAME = AccentColor;
				CODE_SIGN_STYLE = Automatic;
				CURRENT_PROJECT_VERSION = 1;
				DEVELOPMENT_TEAM = 85Z98L6MF6;
				GENERATE_INFOPLIST_FILE = YES;
				INFOPLIST_FILE = "GoodGoodStudy-iOS/Info.plist";
				INFOPLIST_KEY_UIApplicationSupportsIndirectInputEvents = YES;
				INFOPLIST_KEY_UILaunchStoryboardName = LaunchScreen;
				INFOPLIST_KEY_UIMainStoryboardFile = Main;
				INFOPLIST_KEY_UISupportedInterfaceOrientations_iPad = "UIInterfaceOrientationPortrait UIInterfaceOrientationPortraitUpsideDown UIInterfaceOrientationLandscapeLeft UIInterfaceOrientationLandscapeRight";
				INFOPLIST_KEY_UISupportedInterfaceOrientations_iPhone = "UIInterfaceOrientationPortrait UIInterfaceOrientationLandscapeLeft UIInterfaceOrientationLandscapeRight";
				LD_RUNPATH_SEARCH_PATHS = (
					"$(inherited)",
					"@executable_path/Frameworks",
				);
				MARKETING_VERSION = 1.0;
				PRODUCT_BUNDLE_IDENTIFIER = "com.yuzhui.goodgoodstudy.GoodGoodStudy-iOS";
				PRODUCT_NAME = "$(TARGET_NAME)";
				SWIFT_EMIT_LOC_STRINGS = YES;
				TARGETED_DEVICE_FAMILY = "1,2";
			};
			name = Debug;
		};
		625B1F202A91230200430313 /* Release */ = {
			isa = XCBuildConfiguration;
			buildSettings = {
				ASSETCATALOG_COMPILER_APPICON_NAME = AppIcon;
				ASSETCATALOG_COMPILER_GLOBAL_ACCENT_COLOR_NAME = AccentColor;
				CODE_SIGN_STYLE = Automatic;
				CURRENT_PROJECT_VERSION = 1;
				DEVELOPMENT_TEAM = 85Z98L6MF6;
				GENERATE_INFOPLIST_FILE = YES;
				INFOPLIST_FILE = "GoodGoodStudy-iOS/Info.plist";
				INFOPLIST_KEY_UIApplicationSupportsIndirectInputEvents = YES;
				INFOPLIST_KEY_UILaunchStoryboardName = LaunchScreen;
				INFOPLIST_KEY_UIMainStoryboardFile = Main;
				INFOPLIST_KEY_UISupportedInterfaceOrientations_iPad = "UIInterfaceOrientationPortrait UIInterfaceOrientationPortraitUpsideDown UIInterfaceOrientationLandscapeLeft UIInterfaceOrientationLandscapeRight";
				INFOPLIST_KEY_UISupportedInterfaceOrientations_iPhone = "UIInterfaceOrientationPortrait UIInterfaceOrientationLandscapeLeft UIInterfaceOrientationLandscapeRight";
				LD_RUNPATH_SEARCH_PATHS = (
					"$(inherited)",
					"@executable_path/Frameworks",
				);
				MARKETING_VERSION = 1.0;
				PRODUCT_BUNDLE_IDENTIFIER = "com.yuzhui.goodgoodstudy.GoodGoodStudy-iOS";
				PRODUCT_NAME = "$(TARGET_NAME)";
				SWIFT_EMIT_LOC_STRINGS = YES;
				TARGETED_DEVICE_FAMILY = "1,2";
			};
			name = Release;
		};
/* End XCBuildConfiguration section */

/* Begin XCConfigurationList section */
		625B1F002A91230100430313 /* Build configuration list for PBXProject "GoodGoodStudy-iOS" */ = {
			isa = XCConfigurationList;
			buildConfigurations = (
				625B1F1C2A91230200430313 /* Debug */,
				625B1F1D2A91230200430313 /* Release */,
			);
			defaultConfigurationIsVisible = 0;
			defaultConfigurationName = Release;
		};
		625B1F1E2A91230200430313 /* Build configuration list for PBXNativeTarget "GoodGoodStudy-iOS" */ = {
			isa = XCConfigurationList;
			buildConfigurations = (
				625B1F1F2A91230200430313 /* Debug */,
				625B1F202A91230200430313 /* Release */,
			);
			defaultConfigurationIsVisible = 0;
			defaultConfigurationName = Release;
		};
/* End XCConfigurationList section */
	};
	rootObject = 625B1EFD2A91230100430313 /* Project object */;
}
